{
  "name": "nodemem",
  "version": "1.0.0",
  "lockfileVersion": 2,
  "requires": true,
  "packages": {
    "": {
      "name": "nodemem",
      "version": "1.0.0",
      "license": "ISC",
      "dependencies": {
        "memcached": "^2.2.2"
      }
    },
    "node_modules/connection-parse": {
      "version": "0.0.7",
      "resolved": "https://registry.npmjs.org/connection-parse/-/connection-parse-0.0.7.tgz",
      "integrity": "sha512-bTTG28diWg7R7/+qE5NZumwPbCiJOT8uPdZYu674brDjBWQctbaQbYlDKhalS+4i5HxIx+G8dZsnBHKzWpp01A=="
    },
    "node_modules/hashring": {
      "version": "3.2.0",
      "resolved": "https://registry.npmjs.org/hashring/-/hashring-3.2.0.tgz",
      "integrity": "sha512-xCMovURClsQZ+TR30icCZj+34Fq1hs0y6YCASD6ZqdRfYRybb5Iadws2WS+w09mGM/kf9xyA5FCdJQGcgcraSA==",
      "dependencies": {
        "connection-parse": "0.0.x",
        "simple-lru-cache": "0.0.x"
      }
    },
    "node_modules/jackpot": {
      "version": "0.0.6",
      "resolved": "https://registry.npmjs.org/jackpot/-/jackpot-0.0.6.tgz",
      "integrity": "sha512-rbWXX+A9ooq03/dfavLg9OXQ8YB57Wa7PY5c4LfU3CgFpwEhhl3WyXTQVurkaT7zBM5I9SSOaiLyJ4I0DQmC0g==",
      "dependencies": {
        "retry": "0.6.0"
      }
    },
    "node_modules/memcached": {
      "version": "2.2.2",
      "resolved": "https://registry.npmjs.org/memcached/-/memcached-2.2.2.tgz",
      "integrity": "sha512-lHwUmqkT9WdUUgRsAvquO4xsKXYaBd644Orz31tuth+w/BIfFNuJMWwsG7sa7H3XXytaNfPTZ5R/yOG3d9zJMA==",
      "dependencies": {
        "hashring": "3.2.x",
        "jackpot": ">=0.0.6"
      }
    },
    "node_modules/retry": {
      "version": "0.6.0",
      "resolved": "https://registry.npmjs.org/retry/-/retry-0.6.0.tgz",
      "integrity": "sha512-RgncoxLF1GqwAzTZs/K2YpZkWrdIYbXsmesdomi+iPilSzjUyr/wzNIuteoTVaWokzdwZIJ9NHRNQa/RUiOB2g==",
      "engines": {
        "node": "*"
      }
    },
    "node_modules/simple-lru-cache": {
      "version": "0.0.2",
      "resolved": "https://registry.npmjs.org/simple-lru-cache/-/simple-lru-cache-0.0.2.tgz",
      "integrity": "sha512-uEv/AFO0ADI7d99OHDmh1QfYzQk/izT1vCmu/riQfh7qjBVUUgRT87E5s5h7CxWCA/+YoZerykpEthzVrW3LIw=="
    }
  },
  "dependencies": {
    "connection-parse": {
      "version": "0.0.7",
      "resolved": "https://registry.npmjs.org/connection-parse/-/connection-parse-0.0.7.tgz",
      "integrity": "sha512-bTTG28diWg7R7/+qE5NZumwPbCiJOT8uPdZYu674brDjBWQctbaQbYlDKhalS+4i5HxIx+G8dZsnBHKzWpp01A=="
    },
    "hashring": {
      "version": "3.2.0",
      "resolved": "https://registry.npmjs.org/hashring/-/hashring-3.2.0.tgz",
      "integrity": "sha512-xCMovURClsQZ+TR30icCZj+34Fq1hs0y6YCASD6ZqdRfYRybb5Iadws2WS+w09mGM/kf9xyA5FCdJQGcgcraSA==",
      "requires": {
        "connection-parse": "0.0.x",
        "simple-lru-cache": "0.0.x"
      }
    },
    "jackpot": {
      "version": "0.0.6",
      "resolved": "https://registry.npmjs.org/jackpot/-/jackpot-0.0.6.tgz",
      "integrity": "sha512-rbWXX+A9ooq03/dfavLg9OXQ8YB57Wa7PY5c4LfU3CgFpwEhhl3WyXTQVurkaT7zBM5I9SSOaiLyJ4I0DQmC0g==",
      "requires": {
        "retry": "0.6.0"
      }
    },
    "memcached": {
      "version": "2.2.2",
      "resolved": "https://registry.npmjs.org/memcached/-/memcached-2.2.2.tgz",
      "integrity": "sha512-lHwUmqkT9WdUUgRsAvquO4xsKXYaBd644Orz31tuth+w/BIfFNuJMWwsG7sa7H3XXytaNfPTZ5R/yOG3d9zJMA==",
      "requires": {
        "hashring": "3.2.x",
        "jackpot": ">=0.0.6"
      }
    },
    "retry": {
      "version": "0.6.0",
      "resolved": "https://registry.npmjs.org/retry/-/retry-0.6.0.tgz",
      "integrity": "sha512-RgncoxLF1GqwAzTZs/K2YpZkWrdIYbXsmesdomi+iPilSzjUyr/wzNIuteoTVaWokzdwZIJ9NHRNQa/RUiOB2g=="
    },
    "simple-lru-cache": {
      "version": "0.0.2",
      "resolved": "https://registry.npmjs.org/simple-lru-cache/-/simple-lru-cache-0.0.2.tgz",
      "integrity": "sha512-uEv/AFO0ADI7d99OHDmh1QfYzQk/izT1vCmu/riQfh7qjBVUUgRT87E5s5h7CxWCA/+YoZerykpEthzVrW3LIw=="
    }
  }
}
