{
  "name": "protobuff",
  "version": "1.0.0",
  "lockfileVersion": 1,
  "requires": true,
  "dependencies": {
    "google-protobuf": {
      "version": "3.11.3",
      "resolved": "https://registry.npmjs.org/google-protobuf/-/google-protobuf-3.11.3.tgz",
      "integrity": "sha512-Sp8E+0AJLxmiPwAk9VH3MkYAmYYheNUhywIyXOS7wvRkqbIYcHtGzJzIYicNqYsqgKmY35F9hxRkI+ZTqTB4Tg=="
    }
  }
}
